
Microsoft Visual Studio Solution File, Format Version 12.00
# Visual Studio Version 16
VisualStudioVersion = 16.0.31613.86
MinimumVisualStudioVersion = 10.0.40219.1
Project("{2150E333-8FDC-42A3-9474-1A3956D46DE8}") = "Gun2", "Gun2", "{EE77779E-4369-4118-AA7B-1ACF91F4AFAF}"
EndProject
Project("{9A19103F-16F7-4668-BE54-9A1E7A4F7556}") = "Gun2.Ders1.KampIntro", "Gun2.Ders1.KampIntro\Gun2.Ders1.KampIntro.csproj", "{4354A1FE-4C10-47BB-8DE5-DDE693CCE991}"
EndProject
Project("{9A19103F-16F7-4668-BE54-9A1E7A4F7556}") = "Gun2.Ders2.Donguler", "Gun2.Ders2.Donguler\Gun2.Ders2.Donguler.csproj", "{D130EA96-C632-444F-872F-9D8374775F53}"
EndProject
Project("{9A19103F-16F7-4668-BE54-9A1E7A4F7556}") = "Gun2.Ders3.ClassIntro", "Gun2.Ders3.ClassIntro\Gun2.Ders3.ClassIntro.csproj", "{D6740311-347E-4278-91D1-53683A36209A}"
EndProject
Project("{9A19103F-16F7-4668-BE54-9A1E7A4F7556}") = "Gun2.Odev2.TernaryOperatoru", "Gun2.Odev1.TernaryOperatoru\Gun2.Odev2.TernaryOperatoru.csproj", "{E4094656-2EA9-4BA2-A6FC-81770ABA1971}"
EndProject
Project("{9A19103F-16F7-4668-BE54-9A1E7A4F7556}") = "Gun2.Odev3.Switch", "Gun2.Odev2.Switch\Gun2.Odev3.Switch.csproj", "{A5B474F2-ED5B-417C-B2A2-92EA6F6CC821}"
EndProject
Project("{9A19103F-16F7-4668-BE54-9A1E7A4F7556}") = "Gun2.Odev4.While", "Gun2.Odev3.While\Gun2.Odev4.While.csproj", "{8F3E89DC-C9BA-4458-9258-56B29ED6D7E2}"
EndProject
Project("{9A19103F-16F7-4668-BE54-9A1E7A4F7556}") = "Gun2.Odev6.ETicaret", "Gun2.Odev6.ETicaret\Gun2.Odev6.ETicaret.csproj", "{65EC8B81-7CF9-49D9-A5E4-24AD75346796}"
EndProject
Project("{2150E333-8FDC-42A3-9474-1A3956D46DE8}") = "Gun3", "Gun3", "{7FF8F16B-2BCF-4289-B118-11B2E2F4CC19}"
EndProject
Project("{9A19103F-16F7-4668-BE54-9A1E7A4F7556}") = "Gun3.Ders1.Metotlar", "Gun3.Ders1.Metotlar\Gun3.Ders1.Metotlar.csproj", "{F88C8FE5-F399-4DD2-B456-9E642AA7D9DE}"
EndProject
Project("{9A19103F-16F7-4668-BE54-9A1E7A4F7556}") = "Gun3.Ders2.Matematik", "Gun3.Ders2.Matematik\Gun3.Ders2.Matematik.csproj", "{BE7AA3B8-C18B-4D0E-8B13-519F2B0B6F93}"
EndProject
Project("{9A19103F-16F7-4668-BE54-9A1E7A4F7556}") = "Gun3.Ders3.DegerVeReferansTipler", "Gun3.Ders3.DegerVeReferansTipler\Gun3.Ders3.DegerVeReferansTipler.csproj", "{EF13F3BD-9742-419C-A53B-DD4F39112D15}"
EndProject
Project("{9A19103F-16F7-4668-BE54-9A1E7A4F7556}") = "Gun3.Odev1_1.Methods", "Gun3.Odev1_1.Methods\Gun3.Odev1_1.Methods.csproj", "{8EA8F26E-FE5F-4E4B-9B7F-DD1B5A276BFD}"
EndProject
Project("{9A19103F-16F7-4668-BE54-9A1E7A4F7556}") = "Gun3.Odev1_2.Arrays", "Gun3.Odev1_2.Arrays\Gun3.Odev1_2.Arrays.csproj", "{5099BDF8-78AC-4A9C-92DF-7D2C6B98D7BB}"
EndProject
Project("{9A19103F-16F7-4668-BE54-9A1E7A4F7556}") = "Gun3.Odev3.ClassMetotDemo", "Gun3.Odev3.ClassMetotDemo\Gun3.Odev3.ClassMetotDemo.csproj", "{9103BE99-6FFA-4C50-ADF4-1A038D8DCB7F}"
EndProject
Project("{2150E333-8FDC-42A3-9474-1A3956D46DE8}") = "Gun4", "Gun4", "{FE70BFB7-DE8F-402F-B2D0-60E5BEB02242}"
EndProject
Project("{9A19103F-16F7-4668-BE54-9A1E7A4F7556}") = "Gun4.Ders1.OOP1", "Gun4.Ders1.OOP1\Gun4.Ders1.OOP1.csproj", "{F3775923-B707-415F-A5A8-18C9D4C75CBE}"
EndProject
Project("{9A19103F-16F7-4668-BE54-9A1E7A4F7556}") = "Gun4.Ders2.Koleksiyonlar", "Gun4.Ders2.Koleksiyonlar\Gun4.Ders2.Koleksiyonlar.csproj", "{DA7B08A3-399F-4C5D-A17D-17EDB00D4A7C}"
EndProject
Project("{9A19103F-16F7-4668-BE54-9A1E7A4F7556}") = "Gun4.Ders3.GenericsIntro", "Gun4.Ders3.GenericsIntro\Gun4.Ders3.GenericsIntro.csproj", "{5BF73540-3C27-4EDB-8A18-8E619C2EA14E}"
EndProject
Project("{9A19103F-16F7-4668-BE54-9A1E7A4F7556}") = "Gun4.Odev1.ReferenceTypes", "Gun4.Odev1.ReferanceTypes\Gun4.Odev1.ReferenceTypes.csproj", "{D7797AC6-1A0A-4F8F-85BD-F5EC2BCCCDD9}"
EndProject
Project("{9A19103F-16F7-4668-BE54-9A1E7A4F7556}") = "Gun4.Odev2.Constructors", "Gun4.Odev2.Constructors\Gun4.Odev2.Constructors.csproj", "{9767B47D-2E59-46ED-BDCD-F2C69E5AA0FC}"
EndProject
Project("{2150E333-8FDC-42A3-9474-1A3956D46DE8}") = "Gun1-Python", "Gun1-Python", "{175E7481-EC00-4611-A241-56E7DE04479B}"
	ProjectSection(SolutionItems) = preProject
		BirinciGun\degiskenler.py = BirinciGun\degiskenler.py
		BirinciGun\donguler.py = BirinciGun\donguler.py
		BirinciGun\main.py = BirinciGun\main.py
		BirinciGun\sartBloklari.py = BirinciGun\sartBloklari.py
	EndProjectSection
EndProject
Project("{2150E333-8FDC-42A3-9474-1A3956D46DE8}") = "_ALISTIRMALAR_", "_ALISTIRMALAR_", "{21A158AC-9FE8-47F0-A54E-7D684CEC01DA}"
EndProject
Project("{9A19103F-16F7-4668-BE54-9A1E7A4F7556}") = "A1.Class", "A1.Class\A1.Class.csproj", "{8D895D19-4E23-47D4-A461-016659CEB0B0}"
EndProject
Project("{2150E333-8FDC-42A3-9474-1A3956D46DE8}") = "_DIGER_", "_DIGER_", "{F8DABD81-8B96-47A0-BD6A-BCDDE3C9BA3B}"
	ProjectSection(SolutionItems) = preProject
		NOTLAR.txt = NOTLAR.txt
	EndProjectSection
EndProject
Project("{9A19103F-16F7-4668-BE54-9A1E7A4F7556}") = "Gun4.Odev3.Generics", "Gun4.Odev3.Generics\Gun4.Odev3.Generics.csproj", "{5CFB2D5B-74F5-4B1E-A264-489D4BFF062D}"
EndProject
Project("{9A19103F-16F7-4668-BE54-9A1E7A4F7556}") = "Gun4.Odev5.MyDictionary", "Gun4.Odev5.MyDictionary\Gun4.Odev5.MyDictionary.csproj", "{022D8286-B6E5-4F2E-87B9-C0F164703778}"
EndProject
Project("{9A19103F-16F7-4668-BE54-9A1E7A4F7556}") = "Gun4.Odev4.Dictionary", "Gun4.Odev4.Dictionary\Gun4.Odev4.Dictionary.csproj", "{A6ABF8EB-C723-4E86-BEE8-0A2A52480EDC}"
EndProject
Project("{2150E333-8FDC-42A3-9474-1A3956D46DE8}") = "Gun5", "Gun5", "{052EB25E-A090-4DCD-AA55-F0604BEE45FB}"
EndProject
Project("{9A19103F-16F7-4668-BE54-9A1E7A4F7556}") = "Gun5.Ders1.OOP2", "Gun5.Ders1.OOP2\Gun5.Ders1.OOP2.csproj", "{8152D9B8-3F18-40C7-A0B9-D6F31772237E}"
EndProject
Project("{9A19103F-16F7-4668-BE54-9A1E7A4F7556}") = "Gun5.Ders2.OOP3", "Gun5.Ders2.OOP3\Gun5.Ders2.OOP3.csproj", "{A8B220AC-C062-4535-9436-BB3DB932D809}"
EndProject
Project("{9A19103F-16F7-4668-BE54-9A1E7A4F7556}") = "Gun5.Odev1.Classes", "Gun5.Odev1.Classes\Gun5.Odev1.Classes.csproj", "{91CBCF8E-B2DE-45A6-8258-8AC1617ECF29}"
EndProject
Project("{9A19103F-16F7-4668-BE54-9A1E7A4F7556}") = "Gun5.Odev1_1.RecapDemo1", "Gun5.Odev1_1.RecapDemo1\Gun5.Odev1_1.RecapDemo1.csproj", "{E22A7CD8-F2B1-4DCC-AD0D-330A4F0D7B4A}"
EndProject
Project("{9A19103F-16F7-4668-BE54-9A1E7A4F7556}") = "Gun5.Odev1_2.Interfaces", "Gun5.Odev1_2.Interfaces\Gun5.Odev1_2.Interfaces.csproj", "{5515508D-50E1-4574-8CFE-65BA390ADE4A}"
EndProject
Project("{9A19103F-16F7-4668-BE54-9A1E7A4F7556}") = "Gun5.Odev1_3.InterfacesDemo", "Gun5.Odev1_3.InterfacesDemo\Gun5.Odev1_3.InterfacesDemo.csproj", "{F527BB57-9ADC-478F-82DC-D805183ED4D0}"
EndProject
Project("{9A19103F-16F7-4668-BE54-9A1E7A4F7556}") = "Gun5.Odev1_4.Inheritance", "Gun5.Odev1_4.Inheritance\Gun5.Odev1_4.Inheritance.csproj", "{770307EA-F829-4591-8236-7FC326DE7035}"
EndProject
Project("{9A19103F-16F7-4668-BE54-9A1E7A4F7556}") = "Gun5.Odev3.AbstractClasses", "Gun5.Odev3.AbstractClasses\Gun5.Odev3.AbstractClasses.csproj", "{8A4AF0CC-515A-462C-BDE9-C378BEB346AE}"
EndProject
Project("{9A19103F-16F7-4668-BE54-9A1E7A4F7556}") = "Gun5.Odev4.InterfaceAbstractDemo", "Gun5.Odev4.InterfaceAbstractDemo\Gun5.Odev4.InterfaceAbstractDemo.csproj", "{C2F26713-7111-485A-983D-01E899805F00}"
EndProject
Project("{9A19103F-16F7-4668-BE54-9A1E7A4F7556}") = "Gun5.Odev5.GameOrder", "Gun5.Odev5.GameOrder\Gun5.Odev5.GameOrder.csproj", "{59DFF61D-93D7-4E35-8E41-13533DE5E627}"
EndProject
Project("{2150E333-8FDC-42A3-9474-1A3956D46DE8}") = "Gun6.SQL", "Gun6.SQL", "{A22BC0B0-6383-4839-B1C0-FCEB0CD82427}"
	ProjectSection(SolutionItems) = preProject
		Gun6.SQL\Ders1.sql = Gun6.SQL\Ders1.sql
		instnwnd.sql = instnwnd.sql
		Odev1_1.Select.sql = Odev1_1.Select.sql
		Gun6.SQL\SQl.xlsx = Gun6.SQL\SQl.xlsx
	EndProjectSection
EndProject
Global
	GlobalSection(SolutionConfigurationPlatforms) = preSolution
		Debug|Any CPU = Debug|Any CPU
		Release|Any CPU = Release|Any CPU
	EndGlobalSection
	GlobalSection(ProjectConfigurationPlatforms) = postSolution
		{4354A1FE-4C10-47BB-8DE5-DDE693CCE991}.Debug|Any CPU.ActiveCfg = Debug|Any CPU
		{4354A1FE-4C10-47BB-8DE5-DDE693CCE991}.Debug|Any CPU.Build.0 = Debug|Any CPU
		{4354A1FE-4C10-47BB-8DE5-DDE693CCE991}.Release|Any CPU.ActiveCfg = Release|Any CPU
		{4354A1FE-4C10-47BB-8DE5-DDE693CCE991}.Release|Any CPU.Build.0 = Release|Any CPU
		{D130EA96-C632-444F-872F-9D8374775F53}.Debug|Any CPU.ActiveCfg = Debug|Any CPU
		{D130EA96-C632-444F-872F-9D8374775F53}.Debug|Any CPU.Build.0 = Debug|Any CPU
		{D130EA96-C632-444F-872F-9D8374775F53}.Release|Any CPU.ActiveCfg = Release|Any CPU
		{D130EA96-C632-444F-872F-9D8374775F53}.Release|Any CPU.Build.0 = Release|Any CPU
		{D6740311-347E-4278-91D1-53683A36209A}.Debug|Any CPU.ActiveCfg = Debug|Any CPU
		{D6740311-347E-4278-91D1-53683A36209A}.Debug|Any CPU.Build.0 = Debug|Any CPU
		{D6740311-347E-4278-91D1-53683A36209A}.Release|Any CPU.ActiveCfg = Release|Any CPU
		{D6740311-347E-4278-91D1-53683A36209A}.Release|Any CPU.Build.0 = Release|Any CPU
		{E4094656-2EA9-4BA2-A6FC-81770ABA1971}.Debug|Any CPU.ActiveCfg = Debug|Any CPU
		{E4094656-2EA9-4BA2-A6FC-81770ABA1971}.Debug|Any CPU.Build.0 = Debug|Any CPU
		{E4094656-2EA9-4BA2-A6FC-81770ABA1971}.Release|Any CPU.ActiveCfg = Release|Any CPU
		{E4094656-2EA9-4BA2-A6FC-81770ABA1971}.Release|Any CPU.Build.0 = Release|Any CPU
		{A5B474F2-ED5B-417C-B2A2-92EA6F6CC821}.Debug|Any CPU.ActiveCfg = Debug|Any CPU
		{A5B474F2-ED5B-417C-B2A2-92EA6F6CC821}.Debug|Any CPU.Build.0 = Debug|Any CPU
		{A5B474F2-ED5B-417C-B2A2-92EA6F6CC821}.Release|Any CPU.ActiveCfg = Release|Any CPU
		{A5B474F2-ED5B-417C-B2A2-92EA6F6CC821}.Release|Any CPU.Build.0 = Release|Any CPU
		{8F3E89DC-C9BA-4458-9258-56B29ED6D7E2}.Debug|Any CPU.ActiveCfg = Debug|Any CPU
		{8F3E89DC-C9BA-4458-9258-56B29ED6D7E2}.Debug|Any CPU.Build.0 = Debug|Any CPU
		{8F3E89DC-C9BA-4458-9258-56B29ED6D7E2}.Release|Any CPU.ActiveCfg = Release|Any CPU
		{8F3E89DC-C9BA-4458-9258-56B29ED6D7E2}.Release|Any CPU.Build.0 = Release|Any CPU
		{65EC8B81-7CF9-49D9-A5E4-24AD75346796}.Debug|Any CPU.ActiveCfg = Debug|Any CPU
		{65EC8B81-7CF9-49D9-A5E4-24AD75346796}.Debug|Any CPU.Build.0 = Debug|Any CPU
		{65EC8B81-7CF9-49D9-A5E4-24AD75346796}.Release|Any CPU.ActiveCfg = Release|Any CPU
		{65EC8B81-7CF9-49D9-A5E4-24AD75346796}.Release|Any CPU.Build.0 = Release|Any CPU
		{F88C8FE5-F399-4DD2-B456-9E642AA7D9DE}.Debug|Any CPU.ActiveCfg = Debug|Any CPU
		{F88C8FE5-F399-4DD2-B456-9E642AA7D9DE}.Debug|Any CPU.Build.0 = Debug|Any CPU
		{F88C8FE5-F399-4DD2-B456-9E642AA7D9DE}.Release|Any CPU.ActiveCfg = Release|Any CPU
		{F88C8FE5-F399-4DD2-B456-9E642AA7D9DE}.Release|Any CPU.Build.0 = Release|Any CPU
		{BE7AA3B8-C18B-4D0E-8B13-519F2B0B6F93}.Debug|Any CPU.ActiveCfg = Debug|Any CPU
		{BE7AA3B8-C18B-4D0E-8B13-519F2B0B6F93}.Debug|Any CPU.Build.0 = Debug|Any CPU
		{BE7AA3B8-C18B-4D0E-8B13-519F2B0B6F93}.Release|Any CPU.ActiveCfg = Release|Any CPU
		{BE7AA3B8-C18B-4D0E-8B13-519F2B0B6F93}.Release|Any CPU.Build.0 = Release|Any CPU
		{EF13F3BD-9742-419C-A53B-DD4F39112D15}.Debug|Any CPU.ActiveCfg = Debug|Any CPU
		{EF13F3BD-9742-419C-A53B-DD4F39112D15}.Debug|Any CPU.Build.0 = Debug|Any CPU
		{EF13F3BD-9742-419C-A53B-DD4F39112D15}.Release|Any CPU.ActiveCfg = Release|Any CPU
		{EF13F3BD-9742-419C-A53B-DD4F39112D15}.Release|Any CPU.Build.0 = Release|Any CPU
		{8EA8F26E-FE5F-4E4B-9B7F-DD1B5A276BFD}.Debug|Any CPU.ActiveCfg = Debug|Any CPU
		{8EA8F26E-FE5F-4E4B-9B7F-DD1B5A276BFD}.Debug|Any CPU.Build.0 = Debug|Any CPU
		{8EA8F26E-FE5F-4E4B-9B7F-DD1B5A276BFD}.Release|Any CPU.ActiveCfg = Release|Any CPU
		{8EA8F26E-FE5F-4E4B-9B7F-DD1B5A276BFD}.Release|Any CPU.Build.0 = Release|Any CPU
		{5099BDF8-78AC-4A9C-92DF-7D2C6B98D7BB}.Debug|Any CPU.ActiveCfg = Debug|Any CPU
		{5099BDF8-78AC-4A9C-92DF-7D2C6B98D7BB}.Debug|Any CPU.Build.0 = Debug|Any CPU
		{5099BDF8-78AC-4A9C-92DF-7D2C6B98D7BB}.Release|Any CPU.ActiveCfg = Release|Any CPU
		{5099BDF8-78AC-4A9C-92DF-7D2C6B98D7BB}.Release|Any CPU.Build.0 = Release|Any CPU
		{9103BE99-6FFA-4C50-ADF4-1A038D8DCB7F}.Debug|Any CPU.ActiveCfg = Debug|Any CPU
		{9103BE99-6FFA-4C50-ADF4-1A038D8DCB7F}.Debug|Any CPU.Build.0 = Debug|Any CPU
		{9103BE99-6FFA-4C50-ADF4-1A038D8DCB7F}.Release|Any CPU.ActiveCfg = Release|Any CPU
		{9103BE99-6FFA-4C50-ADF4-1A038D8DCB7F}.Release|Any CPU.Build.0 = Release|Any CPU
		{F3775923-B707-415F-A5A8-18C9D4C75CBE}.Debug|Any CPU.ActiveCfg = Debug|Any CPU
		{F3775923-B707-415F-A5A8-18C9D4C75CBE}.Debug|Any CPU.Build.0 = Debug|Any CPU
		{F3775923-B707-415F-A5A8-18C9D4C75CBE}.Release|Any CPU.ActiveCfg = Release|Any CPU
		{F3775923-B707-415F-A5A8-18C9D4C75CBE}.Release|Any CPU.Build.0 = Release|Any CPU
		{DA7B08A3-399F-4C5D-A17D-17EDB00D4A7C}.Debug|Any CPU.ActiveCfg = Debug|Any CPU
		{DA7B08A3-399F-4C5D-A17D-17EDB00D4A7C}.Debug|Any CPU.Build.0 = Debug|Any CPU
		{DA7B08A3-399F-4C5D-A17D-17EDB00D4A7C}.Release|Any CPU.ActiveCfg = Release|Any CPU
		{DA7B08A3-399F-4C5D-A17D-17EDB00D4A7C}.Release|Any CPU.Build.0 = Release|Any CPU
		{5BF73540-3C27-4EDB-8A18-8E619C2EA14E}.Debug|Any CPU.ActiveCfg = Debug|Any CPU
		{5BF73540-3C27-4EDB-8A18-8E619C2EA14E}.Debug|Any CPU.Build.0 = Debug|Any CPU
		{5BF73540-3C27-4EDB-8A18-8E619C2EA14E}.Release|Any CPU.ActiveCfg = Release|Any CPU
		{5BF73540-3C27-4EDB-8A18-8E619C2EA14E}.Release|Any CPU.Build.0 = Release|Any CPU
		{D7797AC6-1A0A-4F8F-85BD-F5EC2BCCCDD9}.Debug|Any CPU.ActiveCfg = Debug|Any CPU
		{D7797AC6-1A0A-4F8F-85BD-F5EC2BCCCDD9}.Debug|Any CPU.Build.0 = Debug|Any CPU
		{D7797AC6-1A0A-4F8F-85BD-F5EC2BCCCDD9}.Release|Any CPU.ActiveCfg = Release|Any CPU
		{D7797AC6-1A0A-4F8F-85BD-F5EC2BCCCDD9}.Release|Any CPU.Build.0 = Release|Any CPU
		{9767B47D-2E59-46ED-BDCD-F2C69E5AA0FC}.Debug|Any CPU.ActiveCfg = Debug|Any CPU
		{9767B47D-2E59-46ED-BDCD-F2C69E5AA0FC}.Debug|Any CPU.Build.0 = Debug|Any CPU
		{9767B47D-2E59-46ED-BDCD-F2C69E5AA0FC}.Release|Any CPU.ActiveCfg = Release|Any CPU
		{9767B47D-2E59-46ED-BDCD-F2C69E5AA0FC}.Release|Any CPU.Build.0 = Release|Any CPU
		{8D895D19-4E23-47D4-A461-016659CEB0B0}.Debug|Any CPU.ActiveCfg = Debug|Any CPU
		{8D895D19-4E23-47D4-A461-016659CEB0B0}.Debug|Any CPU.Build.0 = Debug|Any CPU
		{8D895D19-4E23-47D4-A461-016659CEB0B0}.Release|Any CPU.ActiveCfg = Release|Any CPU
		{8D895D19-4E23-47D4-A461-016659CEB0B0}.Release|Any CPU.Build.0 = Release|Any CPU
		{5CFB2D5B-74F5-4B1E-A264-489D4BFF062D}.Debug|Any CPU.ActiveCfg = Debug|Any CPU
		{5CFB2D5B-74F5-4B1E-A264-489D4BFF062D}.Debug|Any CPU.Build.0 = Debug|Any CPU
		{5CFB2D5B-74F5-4B1E-A264-489D4BFF062D}.Release|Any CPU.ActiveCfg = Release|Any CPU
		{5CFB2D5B-74F5-4B1E-A264-489D4BFF062D}.Release|Any CPU.Build.0 = Release|Any CPU
		{022D8286-B6E5-4F2E-87B9-C0F164703778}.Debug|Any CPU.ActiveCfg = Debug|Any CPU
		{022D8286-B6E5-4F2E-87B9-C0F164703778}.Debug|Any CPU.Build.0 = Debug|Any CPU
		{022D8286-B6E5-4F2E-87B9-C0F164703778}.Release|Any CPU.ActiveCfg = Release|Any CPU
		{022D8286-B6E5-4F2E-87B9-C0F164703778}.Release|Any CPU.Build.0 = Release|Any CPU
		{A6ABF8EB-C723-4E86-BEE8-0A2A52480EDC}.Debug|Any CPU.ActiveCfg = Debug|Any CPU
		{A6ABF8EB-C723-4E86-BEE8-0A2A52480EDC}.Debug|Any CPU.Build.0 = Debug|Any CPU
		{A6ABF8EB-C723-4E86-BEE8-0A2A52480EDC}.Release|Any CPU.ActiveCfg = Release|Any CPU
		{A6ABF8EB-C723-4E86-BEE8-0A2A52480EDC}.Release|Any CPU.Build.0 = Release|Any CPU
		{8152D9B8-3F18-40C7-A0B9-D6F31772237E}.Debug|Any CPU.ActiveCfg = Debug|Any CPU
		{8152D9B8-3F18-40C7-A0B9-D6F31772237E}.Debug|Any CPU.Build.0 = Debug|Any CPU
		{8152D9B8-3F18-40C7-A0B9-D6F31772237E}.Release|Any CPU.ActiveCfg = Release|Any CPU
		{8152D9B8-3F18-40C7-A0B9-D6F31772237E}.Release|Any CPU.Build.0 = Release|Any CPU
		{A8B220AC-C062-4535-9436-BB3DB932D809}.Debug|Any CPU.ActiveCfg = Debug|Any CPU
		{A8B220AC-C062-4535-9436-BB3DB932D809}.Debug|Any CPU.Build.0 = Debug|Any CPU
		{A8B220AC-C062-4535-9436-BB3DB932D809}.Release|Any CPU.ActiveCfg = Release|Any CPU
		{A8B220AC-C062-4535-9436-BB3DB932D809}.Release|Any CPU.Build.0 = Release|Any CPU
		{91CBCF8E-B2DE-45A6-8258-8AC1617ECF29}.Debug|Any CPU.ActiveCfg = Debug|Any CPU
		{91CBCF8E-B2DE-45A6-8258-8AC1617ECF29}.Debug|Any CPU.Build.0 = Debug|Any CPU
		{91CBCF8E-B2DE-45A6-8258-8AC1617ECF29}.Release|Any CPU.ActiveCfg = Release|Any CPU
		{91CBCF8E-B2DE-45A6-8258-8AC1617ECF29}.Release|Any CPU.Build.0 = Release|Any CPU
		{E22A7CD8-F2B1-4DCC-AD0D-330A4F0D7B4A}.Debug|Any CPU.ActiveCfg = Debug|Any CPU
		{E22A7CD8-F2B1-4DCC-AD0D-330A4F0D7B4A}.Debug|Any CPU.Build.0 = Debug|Any CPU
		{E22A7CD8-F2B1-4DCC-AD0D-330A4F0D7B4A}.Release|Any CPU.ActiveCfg = Release|Any CPU
		{E22A7CD8-F2B1-4DCC-AD0D-330A4F0D7B4A}.Release|Any CPU.Build.0 = Release|Any CPU
		{5515508D-50E1-4574-8CFE-65BA390ADE4A}.Debug|Any CPU.ActiveCfg = Debug|Any CPU
		{5515508D-50E1-4574-8CFE-65BA390ADE4A}.Debug|Any CPU.Build.0 = Debug|Any CPU
		{5515508D-50E1-4574-8CFE-65BA390ADE4A}.Release|Any CPU.ActiveCfg = Release|Any CPU
		{5515508D-50E1-4574-8CFE-65BA390ADE4A}.Release|Any CPU.Build.0 = Release|Any CPU
		{F527BB57-9ADC-478F-82DC-D805183ED4D0}.Debug|Any CPU.ActiveCfg = Debug|Any CPU
		{F527BB57-9ADC-478F-82DC-D805183ED4D0}.Debug|Any CPU.Build.0 = Debug|Any CPU
		{F527BB57-9ADC-478F-82DC-D805183ED4D0}.Release|Any CPU.ActiveCfg = Release|Any CPU
		{F527BB57-9ADC-478F-82DC-D805183ED4D0}.Release|Any CPU.Build.0 = Release|Any CPU
		{770307EA-F829-4591-8236-7FC326DE7035}.Debug|Any CPU.ActiveCfg = Debug|Any CPU
		{770307EA-F829-4591-8236-7FC326DE7035}.Debug|Any CPU.Build.0 = Debug|Any CPU
		{770307EA-F829-4591-8236-7FC326DE7035}.Release|Any CPU.ActiveCfg = Release|Any CPU
		{770307EA-F829-4591-8236-7FC326DE7035}.Release|Any CPU.Build.0 = Release|Any CPU
		{8A4AF0CC-515A-462C-BDE9-C378BEB346AE}.Debug|Any CPU.ActiveCfg = Debug|Any CPU
		{8A4AF0CC-515A-462C-BDE9-C378BEB346AE}.Debug|Any CPU.Build.0 = Debug|Any CPU
		{8A4AF0CC-515A-462C-BDE9-C378BEB346AE}.Release|Any CPU.ActiveCfg = Release|Any CPU
		{8A4AF0CC-515A-462C-BDE9-C378BEB346AE}.Release|Any CPU.Build.0 = Release|Any CPU
		{C2F26713-7111-485A-983D-01E899805F00}.Debug|Any CPU.ActiveCfg = Debug|Any CPU
		{C2F26713-7111-485A-983D-01E899805F00}.Debug|Any CPU.Build.0 = Debug|Any CPU
		{C2F26713-7111-485A-983D-01E899805F00}.Release|Any CPU.ActiveCfg = Release|Any CPU
		{C2F26713-7111-485A-983D-01E899805F00}.Release|Any CPU.Build.0 = Release|Any CPU
		{59DFF61D-93D7-4E35-8E41-13533DE5E627}.Debug|Any CPU.ActiveCfg = Debug|Any CPU
		{59DFF61D-93D7-4E35-8E41-13533DE5E627}.Debug|Any CPU.Build.0 = Debug|Any CPU
		{59DFF61D-93D7-4E35-8E41-13533DE5E627}.Release|Any CPU.ActiveCfg = Release|Any CPU
		{59DFF61D-93D7-4E35-8E41-13533DE5E627}.Release|Any CPU.Build.0 = Release|Any CPU
	EndGlobalSection
	GlobalSection(SolutionProperties) = preSolution
		HideSolutionNode = FALSE
	EndGlobalSection
	GlobalSection(NestedProjects) = preSolution
		{4354A1FE-4C10-47BB-8DE5-DDE693CCE991} = {EE77779E-4369-4118-AA7B-1ACF91F4AFAF}
		{D130EA96-C632-444F-872F-9D8374775F53} = {EE77779E-4369-4118-AA7B-1ACF91F4AFAF}
		{D6740311-347E-4278-91D1-53683A36209A} = {EE77779E-4369-4118-AA7B-1ACF91F4AFAF}
		{E4094656-2EA9-4BA2-A6FC-81770ABA1971} = {EE77779E-4369-4118-AA7B-1ACF91F4AFAF}
		{A5B474F2-ED5B-417C-B2A2-92EA6F6CC821} = {EE77779E-4369-4118-AA7B-1ACF91F4AFAF}
		{8F3E89DC-C9BA-4458-9258-56B29ED6D7E2} = {EE77779E-4369-4118-AA7B-1ACF91F4AFAF}
		{65EC8B81-7CF9-49D9-A5E4-24AD75346796} = {EE77779E-4369-4118-AA7B-1ACF91F4AFAF}
		{F88C8FE5-F399-4DD2-B456-9E642AA7D9DE} = {7FF8F16B-2BCF-4289-B118-11B2E2F4CC19}
		{BE7AA3B8-C18B-4D0E-8B13-519F2B0B6F93} = {7FF8F16B-2BCF-4289-B118-11B2E2F4CC19}
		{EF13F3BD-9742-419C-A53B-DD4F39112D15} = {7FF8F16B-2BCF-4289-B118-11B2E2F4CC19}
		{8EA8F26E-FE5F-4E4B-9B7F-DD1B5A276BFD} = {7FF8F16B-2BCF-4289-B118-11B2E2F4CC19}
		{5099BDF8-78AC-4A9C-92DF-7D2C6B98D7BB} = {7FF8F16B-2BCF-4289-B118-11B2E2F4CC19}
		{9103BE99-6FFA-4C50-ADF4-1A038D8DCB7F} = {7FF8F16B-2BCF-4289-B118-11B2E2F4CC19}
		{F3775923-B707-415F-A5A8-18C9D4C75CBE} = {FE70BFB7-DE8F-402F-B2D0-60E5BEB02242}
		{DA7B08A3-399F-4C5D-A17D-17EDB00D4A7C} = {FE70BFB7-DE8F-402F-B2D0-60E5BEB02242}
		{5BF73540-3C27-4EDB-8A18-8E619C2EA14E} = {FE70BFB7-DE8F-402F-B2D0-60E5BEB02242}
		{D7797AC6-1A0A-4F8F-85BD-F5EC2BCCCDD9} = {FE70BFB7-DE8F-402F-B2D0-60E5BEB02242}
		{9767B47D-2E59-46ED-BDCD-F2C69E5AA0FC} = {FE70BFB7-DE8F-402F-B2D0-60E5BEB02242}
		{8D895D19-4E23-47D4-A461-016659CEB0B0} = {21A158AC-9FE8-47F0-A54E-7D684CEC01DA}
		{5CFB2D5B-74F5-4B1E-A264-489D4BFF062D} = {FE70BFB7-DE8F-402F-B2D0-60E5BEB02242}
		{022D8286-B6E5-4F2E-87B9-C0F164703778} = {FE70BFB7-DE8F-402F-B2D0-60E5BEB02242}
		{A6ABF8EB-C723-4E86-BEE8-0A2A52480EDC} = {FE70BFB7-DE8F-402F-B2D0-60E5BEB02242}
		{8152D9B8-3F18-40C7-A0B9-D6F31772237E} = {052EB25E-A090-4DCD-AA55-F0604BEE45FB}
		{A8B220AC-C062-4535-9436-BB3DB932D809} = {052EB25E-A090-4DCD-AA55-F0604BEE45FB}
		{91CBCF8E-B2DE-45A6-8258-8AC1617ECF29} = {052EB25E-A090-4DCD-AA55-F0604BEE45FB}
		{E22A7CD8-F2B1-4DCC-AD0D-330A4F0D7B4A} = {052EB25E-A090-4DCD-AA55-F0604BEE45FB}
		{5515508D-50E1-4574-8CFE-65BA390ADE4A} = {052EB25E-A090-4DCD-AA55-F0604BEE45FB}
		{F527BB57-9ADC-478F-82DC-D805183ED4D0} = {052EB25E-A090-4DCD-AA55-F0604BEE45FB}
		{770307EA-F829-4591-8236-7FC326DE7035} = {052EB25E-A090-4DCD-AA55-F0604BEE45FB}
		{8A4AF0CC-515A-462C-BDE9-C378BEB346AE} = {052EB25E-A090-4DCD-AA55-F0604BEE45FB}
		{C2F26713-7111-485A-983D-01E899805F00} = {052EB25E-A090-4DCD-AA55-F0604BEE45FB}
		{59DFF61D-93D7-4E35-8E41-13533DE5E627} = {052EB25E-A090-4DCD-AA55-F0604BEE45FB}
	EndGlobalSection
	GlobalSection(ExtensibilityGlobals) = postSolution
		SolutionGuid = {1B770235-EEEB-4FA2-8E58-8E37991E4967}
	EndGlobalSection
EndGlobal
